<?xml version="1.0" encoding="UTF-8" standalone="yes" ?>
<CodeBlocks_project_file>
	<FileVersion major="1" minor="6" />
	<Project>
		<Option title="Infiltrator_dev_CodeBlocks" />
		<Option pch_mode="2" />
		<Option compiler="gcc" />
		<Build>
			<Target title="Debug">
				<Option output="bin/Debug/Infiltrator_dev_CodeBlocks" prefix_auto="1" extension_auto="1" />
				<Option object_output="obj/Debug/" />
				<Option type="1" />
				<Option compiler="gcc" />
				<Compiler>
					<Add option="-g" />
					<Add option="-DSFML_DYNAMIC" />
					<Add directory="../../../Boost/boost_1_47_0" />
				</Compiler>
				<Linker>
					<Add option="-lsfml-audio" />
					<Add option="-lsfml-graphics" />
					<Add option="-lsfml-window" />
					<Add option="-lsfml-system" />
				</Linker>
			</Target>
			<Target title="Release">
				<Option output="bin/Release/Infiltrator_dev_CodeBlocks" prefix_auto="1" extension_auto="1" />
				<Option object_output="obj/Release/" />
				<Option type="1" />
				<Option compiler="gcc" />
				<Compiler>
					<Add option="-O2" />
				</Compiler>
				<Linker>
					<Add option="-s" />
				</Linker>
			</Target>
		</Build>
		<Compiler>
			<Add option="-Wall" />
		</Compiler>
		<Unit filename="Character.cpp" />
		<Unit filename="Character.hpp" />
		<Unit filename="GameState_Logos.cpp" />
		<Unit filename="GameState_Logos.hpp" />
		<Unit filename="PFrameWork/ColliderManager.cpp" />
		<Unit filename="PFrameWork/ColliderManager.hpp" />
		<Unit filename="PFrameWork/ConfigParser.cpp" />
		<Unit filename="PFrameWork/ConfigParser.hpp" />
		<Unit filename="PFrameWork/Conversion.cpp" />
		<Unit filename="PFrameWork/Conversion.hpp" />
		<Unit filename="PFrameWork/DrawManager.cpp" />
		<Unit filename="PFrameWork/DrawManager.hpp" />
		<Unit filename="PFrameWork/GO/AnimatedSprite.cpp" />
		<Unit filename="PFrameWork/GO/AnimatedSprite.hpp" />
		<Unit filename="PFrameWork/GO/Colliders.hpp" />
		<Unit filename="PFrameWork/GO/Drawable.hpp" />
		<Unit filename="PFrameWork/GO/DrawableBase.hpp" />
		<Unit filename="PFrameWork/GO/DrawableString.cpp" />
		<Unit filename="PFrameWork/GO/DrawableString.hpp" />
		<Unit filename="PFrameWork/GO/GUI/GUIButton.cpp" />
		<Unit filename="PFrameWork/GO/GUI/GUIButton.hpp" />
		<Unit filename="PFrameWork/GO/GUI/GUITextfield.cpp" />
		<Unit filename="PFrameWork/GO/GUI/GUITextfield.hpp" />
		<Unit filename="PFrameWork/GO/GUI/GUIToggleButton.cpp" />
		<Unit filename="PFrameWork/GO/GUI/GUIToggleButton.hpp" />
		<Unit filename="PFrameWork/GO/GameObject.hpp" />
		<Unit filename="PFrameWork/GO/ScreenSpaceDrawable.cpp" />
		<Unit filename="PFrameWork/GO/ScreenSpaceDrawable.hpp" />
		<Unit filename="PFrameWork/GO/ScreenSprite.hpp" />
		<Unit filename="PFrameWork/GO/ScreenString.hpp" />
		<Unit filename="PFrameWork/GO/Shape.hpp" />
		<Unit filename="PFrameWork/GO/Sprite.cpp" />
		<Unit filename="PFrameWork/GO/Sprite.hpp" />
		<Unit filename="PFrameWork/GO/TimeAnimatedSprite.cpp" />
		<Unit filename="PFrameWork/GO/TimeAnimatedSprite.hpp" />
		<Unit filename="PFrameWork/GO/WorldAnimatedSprite.hpp" />
		<Unit filename="PFrameWork/GO/WorldDrawable.hpp" />
		<Unit filename="PFrameWork/GO/WorldShape.hpp" />
		<Unit filename="PFrameWork/GO/WorldSprite.hpp" />
		<Unit filename="PFrameWork/GO/WorldString.hpp" />
		<Unit filename="PFrameWork/GameObjectManager.cpp" />
		<Unit filename="PFrameWork/GameObjectManager.hpp" />
		<Unit filename="PFrameWork/PFWConstants.hpp" />
		<Unit filename="PFrameWork/ResourceManager.cpp" />
		<Unit filename="PFrameWork/ResourceManager.hpp" />
		<Unit filename="PFrameWork/SFMLEventHandler.hpp" />
		<Unit filename="PFrameWork/SFMLGameManager.cpp" />
		<Unit filename="PFrameWork/SFMLGameManager.hpp" />
		<Unit filename="PFrameWork/SpriteAnimationManager.cpp" />
		<Unit filename="PFrameWork/SpriteAnimationManager.hpp" />
		<Unit filename="PFrameWork/State/GameState.cpp" />
		<Unit filename="PFrameWork/State/GameState.hpp" />
		<Unit filename="PFrameWork/State/GameStateMachine.cpp" />
		<Unit filename="PFrameWork/State/GameStateMachine.hpp" />
		<Unit filename="PFrameWork/Utilities.cpp" />
		<Unit filename="PFrameWork/Utilities.hpp" />
		<Unit filename="PFrameWork/WorldCamera2D.cpp" />
		<Unit filename="PFrameWork/WorldCamera2D.hpp" />
		<Unit filename="Player.cpp" />
		<Unit filename="Player.hpp" />
		<Unit filename="Wall.cpp" />
		<Unit filename="Wall.hpp" />
		<Unit filename="main.cpp" />
		<Extensions>
			<code_completion />
			<debugger />
		</Extensions>
	</Project>
</CodeBlocks_project_file>
